
Microsoft Visual Studio Solution File, Format Version 12.00
# Visual Studio Version 16
VisualStudioVersion = 16.0.30225.117
MinimumVisualStudioVersion = 10.0.40219.1
Project("{FAE04EC0-301F-11D3-BF4B-00C04F79EFBC}") = "GroceryListGenerator", "GroceryListGenerator\GroceryListGenerator.csproj", "{F275C7CE-4D20-4F4D-981F-E3E14EF353A7}"
EndProject
Project("{FAE04EC0-301F-11D3-BF4B-00C04F79EFBC}") = "DataAbstraction", "DataAbstraction\DataAbstraction.csproj", "{5B793CE3-A453-4543-BBC2-035BCEEC11D1}"
EndProject
Project("{FAE04EC0-301F-11D3-BF4B-00C04F79EFBC}") = "Data", "Data\Data.csproj", "{C39FB832-85A0-4D46-A8DC-3085CCDF1644}"
EndProject
Global
	GlobalSection(SolutionConfigurationPlatforms) = preSolution
		Debug|Any CPU = Debug|Any CPU
		Release|Any CPU = Release|Any CPU
	EndGlobalSection
	GlobalSection(ProjectConfigurationPlatforms) = postSolution
		{F275C7CE-4D20-4F4D-981F-E3E14EF353A7}.Debug|Any CPU.ActiveCfg = Debug|Any CPU
		{F275C7CE-4D20-4F4D-981F-E3E14EF353A7}.Debug|Any CPU.Build.0 = Debug|Any CPU
		{F275C7CE-4D20-4F4D-981F-E3E14EF353A7}.Release|Any CPU.ActiveCfg = Release|Any CPU
		{F275C7CE-4D20-4F4D-981F-E3E14EF353A7}.Release|Any CPU.Build.0 = Release|Any CPU
		{5B793CE3-A453-4543-BBC2-035BCEEC11D1}.Debug|Any CPU.ActiveCfg = Debug|Any CPU
		{5B793CE3-A453-4543-BBC2-035BCEEC11D1}.Debug|Any CPU.Build.0 = Debug|Any CPU
		{5B793CE3-A453-4543-BBC2-035BCEEC11D1}.Release|Any CPU.ActiveCfg = Release|Any CPU
		{5B793CE3-A453-4543-BBC2-035BCEEC11D1}.Release|Any CPU.Build.0 = Release|Any CPU
		{C39FB832-85A0-4D46-A8DC-3085CCDF1644}.Debug|Any CPU.ActiveCfg = Debug|Any CPU
		{C39FB832-85A0-4D46-A8DC-3085CCDF1644}.Debug|Any CPU.Build.0 = Debug|Any CPU
		{C39FB832-85A0-4D46-A8DC-3085CCDF1644}.Release|Any CPU.ActiveCfg = Release|Any CPU
		{C39FB832-85A0-4D46-A8DC-3085CCDF1644}.Release|Any CPU.Build.0 = Release|Any CPU
	EndGlobalSection
	GlobalSection(SolutionProperties) = preSolution
		HideSolutionNode = FALSE
	EndGlobalSection
	GlobalSection(ExtensibilityGlobals) = postSolution
		SolutionGuid = {6AF9D058-2179-42BD-AE2C-F309CB12A2E7}
	EndGlobalSection
EndGlobal
